<Solution>
  <Folder Name="/src/">
    <Project Path="src/UAssetEditor.App/UAssetEditor.App.csproj" />
    <Project Path="src/UAssetEditor.Core/UAssetEditor.Core.csproj" />
    <Project Path="src/UAssetEditor.PakWorker/UAssetEditor.PakWorker.csproj" />
  </Folder>
  <Folder Name="/tests/">
    <Project Path="tests/UAssetEditor.App.Tests/UAssetEditor.App.Tests.csproj" />
    <Project Path="tests/UAssetEditor.Core.Tests/UAssetEditor.Core.Tests.csproj" />
  </Folder>
</Solution>
